// !$*UTF8*$!
{
	archiveVersion = 1;
	classes = {
	};
	objectVersion = 46;
	objects = {

/* Begin PBXBuildFile section */
		FA011B501754B92100AA30FC /* GPX.framework in Frameworks */ = {isa = PBXBuildFile; fileRef = FA011B4F1754B92100AA30FC /* GPX.framework */; };
		FA12F5AF1753C3DE000BB462 /* RecordViewController.m in Sources */ = {isa = PBXBuildFile; fileRef = FA12F5AE1753C3DE000BB462 /* RecordViewController.m */; };
		FA12F5B21753C44A000BB462 /* RoundedViewController.m in Sources */ = {isa = PBXBuildFile; fileRef = FA12F5B11753C44A000BB462 /* RoundedViewController.m */; };
		FA189F9A17540C9100B0D455 /* Library.m in Sources */ = {isa = PBXBuildFile; fileRef = FA189F9917540C9100B0D455 /* Library.m */; };
		FA381DAF1753B3F300BA9C9E /* MapKit.framework in Frameworks */ = {isa = PBXBuildFile; fileRef = FA381DAE1753B3F300BA9C9E /* MapKit.framework */; };
		FA381DB51753B54000BA9C9E /* MapCell.m in Sources */ = {isa = PBXBuildFile; fileRef = FA381DB41753B54000BA9C9E /* MapCell.m */; };
		FA381DB71753BA8600BA9C9E /* marker.png in Resources */ = {isa = PBXBuildFile; fileRef = FA381DB61753BA8600BA9C9E /* marker.png */; };
		FA381DB91753C16A00BA9C9E /* map.png in Resources */ = {isa = PBXBuildFile; fileRef = FA381DB81753C16A00BA9C9E /* map.png */; };
		FA6194201753E0C400529E6F /* Icon.png in Resources */ = {isa = PBXBuildFile; fileRef = FA61941F1753E0C400529E6F /* Icon.png */; };
		FA6194221753E47C00529E6F /* mapMarker.png in Resources */ = {isa = PBXBuildFile; fileRef = FA6194211753E47B00529E6F /* mapMarker.png */; };
		FA6194271753F64100529E6F /* Animator.m in Sources */ = {isa = PBXBuildFile; fileRef = FA6194261753F64100529E6F /* Animator.m */; };
		FA61942C1753FC4E00529E6F /* UIView+MagicViews.m in Sources */ = {isa = PBXBuildFile; fileRef = FA61942B1753FC4E00529E6F /* UIView+MagicViews.m */; };
		FA61942E1754075500529E6F /* markerAlt.png in Resources */ = {isa = PBXBuildFile; fileRef = FA61942D1754075500529E6F /* markerAlt.png */; };
		FAB1BCCD17549D60005ED064 /* 18-envelope.png in Resources */ = {isa = PBXBuildFile; fileRef = FAB1BCCA17549D60005ED064 /* 18-envelope.png */; };
		FAB1BCCE17549D60005ED064 /* 21-skull.png in Resources */ = {isa = PBXBuildFile; fileRef = FAB1BCCB17549D60005ED064 /* 21-skull.png */; };
		FAB1BCCF17549D60005ED064 /* 58-bookmark.png in Resources */ = {isa = PBXBuildFile; fileRef = FAB1BCCC17549D60005ED064 /* 58-bookmark.png */; };
		FAB44F031758AF94003E2A04 /* MessageUI.framework in Frameworks */ = {isa = PBXBuildFile; fileRef = FAB44F021758AF94003E2A04 /* MessageUI.framework */; };
		FAD3E99F1753A91400618FFD /* UIKit.framework in Frameworks */ = {isa = PBXBuildFile; fileRef = FAD3E99E1753A91400618FFD /* UIKit.framework */; };
		FAD3E9A11753A91400618FFD /* Foundation.framework in Frameworks */ = {isa = PBXBuildFile; fileRef = FAD3E9A01753A91400618FFD /* Foundation.framework */; };
		FAD3E9A31753A91400618FFD /* CoreGraphics.framework in Frameworks */ = {isa = PBXBuildFile; fileRef = FAD3E9A21753A91400618FFD /* CoreGraphics.framework */; };
		FAD3E9A91753A91400618FFD /* InfoPlist.strings in Resources */ = {isa = PBXBuildFile; fileRef = FAD3E9A71753A91400618FFD /* InfoPlist.strings */; };
		FAD3E9AB1753A91400618FFD /* main.m in Sources */ = {isa = PBXBuildFile; fileRef = FAD3E9AA1753A91400618FFD /* main.m */; };
		FAD3E9AF1753A91400618FFD /* AppDelegate.m in Sources */ = {isa = PBXBuildFile; fileRef = FAD3E9AE1753A91400618FFD /* AppDelegate.m */; };
		FAD3E9B11753A91400618FFD /* Default.png in Resources */ = {isa = PBXBuildFile; fileRef = FAD3E9B01753A91400618FFD /* Default.png */; };
		FAD3E9B31753A91400618FFD /* Default@2x.png in Resources */ = {isa = PBXBuildFile; fileRef = FAD3E9B21753A91400618FFD /* Default@2x.png */; };
		FAD3E9B51753A91400618FFD /* Default-568h@2x.png in Resources */ = {isa = PBXBuildFile; fileRef = FAD3E9B41753A91400618FFD /* Default-568h@2x.png */; };
		FAD3E9B81753A91500618FFD /* MainStoryboard.storyboard in Resources */ = {isa = PBXBuildFile; fileRef = FAD3E9B61753A91500618FFD /* MainStoryboard.storyboard */; };
		FAD3E9BB1753A91500618FFD /* ListViewController.m in Sources */ = {isa = PBXBuildFile; fileRef = FAD3E9BA1753A91500618FFD /* ListViewController.m */; };
		FAD3E9C21753A9CE00618FFD /* CoreLocation.framework in Frameworks */ = {isa = PBXBuildFile; fileRef = FAD3E9C11753A9CE00618FFD /* CoreLocation.framework */; };
		FAD3E9C41753AA2200618FFD /* QuartzCore.framework in Frameworks */ = {isa = PBXBuildFile; fileRef = FAD3E9C31753AA2200618FFD /* QuartzCore.framework */; };
		FAD3E9C71753AB6A00618FFD /* UIColor+Hex.m in Sources */ = {isa = PBXBuildFile; fileRef = FAD3E9C61753AB6A00618FFD /* UIColor+Hex.m */; };
/* End PBXBuildFile section */

/* Begin PBXFileReference section */
		FA011B4F1754B92100AA30FC /* GPX.framework */ = {isa = PBXFileReference; lastKnownFileType = wrapper.framework; path = GPX.framework; sourceTree = "<group>"; };
		FA12F5AD1753C3DE000BB462 /* RecordViewController.h */ = {isa = PBXFileReference; fileEncoding = 4; lastKnownFileType = sourcecode.c.h; path = RecordViewController.h; sourceTree = "<group>"; };
		FA12F5AE1753C3DE000BB462 /* RecordViewController.m */ = {isa = PBXFileReference; fileEncoding = 4; lastKnownFileType = sourcecode.c.objc; path = RecordViewController.m; sourceTree = "<group>"; };
		FA12F5B01753C44A000BB462 /* RoundedViewController.h */ = {isa = PBXFileReference; fileEncoding = 4; lastKnownFileType = sourcecode.c.h; path = RoundedViewController.h; sourceTree = "<group>"; };
		FA12F5B11753C44A000BB462 /* RoundedViewController.m */ = {isa = PBXFileReference; fileEncoding = 4; lastKnownFileType = sourcecode.c.objc; path = RoundedViewController.m; sourceTree = "<group>"; };
		FA189F9817540C9100B0D455 /* Library.h */ = {isa = PBXFileReference; fileEncoding = 4; lastKnownFileType = sourcecode.c.h; path = Library.h; sourceTree = "<group>"; };
		FA189F9917540C9100B0D455 /* Library.m */ = {isa = PBXFileReference; fileEncoding = 4; lastKnownFileType = sourcecode.c.objc; path = Library.m; sourceTree = "<group>"; };
		FA381DAE1753B3F300BA9C9E /* MapKit.framework */ = {isa = PBXFileReference; lastKnownFileType = wrapper.framework; name = MapKit.framework; path = System/Library/Frameworks/MapKit.framework; sourceTree = SDKROOT; };
		FA381DB31753B54000BA9C9E /* MapCell.h */ = {isa = PBXFileReference; fileEncoding = 4; lastKnownFileType = sourcecode.c.h; name = MapCell.h; path = ../MapCell.h; sourceTree = "<group>"; };
		FA381DB41753B54000BA9C9E /* MapCell.m */ = {isa = PBXFileReference; fileEncoding = 4; lastKnownFileType = sourcecode.c.objc; name = MapCell.m; path = ../MapCell.m; sourceTree = "<group>"; };
		FA381DB61753BA8600BA9C9E /* marker.png */ = {isa = PBXFileReference; lastKnownFileType = image.png; path = marker.png; sourceTree = "<group>"; };
		FA381DB81753C16A00BA9C9E /* map.png */ = {isa = PBXFileReference; lastKnownFileType = image.png; path = map.png; sourceTree = "<group>"; };
		FA61941F1753E0C400529E6F /* Icon.png */ = {isa = PBXFileReference; lastKnownFileType = image.png; name = Icon.png; path = ../Icon.png; sourceTree = "<group>"; };
		FA6194211753E47B00529E6F /* mapMarker.png */ = {isa = PBXFileReference; lastKnownFileType = image.png; path = mapMarker.png; sourceTree = "<group>"; };
		FA6194251753F64000529E6F /* Animator.h */ = {isa = PBXFileReference; fileEncoding = 4; lastKnownFileType = sourcecode.c.h; path = Animator.h; sourceTree = "<group>"; };
		FA6194261753F64100529E6F /* Animator.m */ = {isa = PBXFileReference; fileEncoding = 4; lastKnownFileType = sourcecode.c.objc; path = Animator.m; sourceTree = "<group>"; };
		FA61942A1753FC4E00529E6F /* UIView+MagicViews.h */ = {isa = PBXFileReference; fileEncoding = 4; lastKnownFileType = sourcecode.c.h; name = "UIView+MagicViews.h"; path = "Lokator/UIView+MagicViews.h"; sourceTree = "<group>"; };
		FA61942B1753FC4E00529E6F /* UIView+MagicViews.m */ = {isa = PBXFileReference; fileEncoding = 4; lastKnownFileType = sourcecode.c.objc; name = "UIView+MagicViews.m"; path = "Lokator/UIView+MagicViews.m"; sourceTree = "<group>"; };
		FA61942D1754075500529E6F /* markerAlt.png */ = {isa = PBXFileReference; lastKnownFileType = image.png; path = markerAlt.png; sourceTree = "<group>"; };
		FAB1BCCA17549D60005ED064 /* 18-envelope.png */ = {isa = PBXFileReference; lastKnownFileType = image.png; path = "18-envelope.png"; sourceTree = "<group>"; };
		FAB1BCCB17549D60005ED064 /* 21-skull.png */ = {isa = PBXFileReference; lastKnownFileType = image.png; path = "21-skull.png"; sourceTree = "<group>"; };
		FAB1BCCC17549D60005ED064 /* 58-bookmark.png */ = {isa = PBXFileReference; lastKnownFileType = image.png; path = "58-bookmark.png"; sourceTree = "<group>"; };
		FAB44F021758AF94003E2A04 /* MessageUI.framework */ = {isa = PBXFileReference; lastKnownFileType = wrapper.framework; name = MessageUI.framework; path = System/Library/Frameworks/MessageUI.framework; sourceTree = SDKROOT; };
		FAD3E99B1753A91400618FFD /* Lokator.app */ = {isa = PBXFileReference; explicitFileType = wrapper.application; includeInIndex = 0; path = Lokator.app; sourceTree = BUILT_PRODUCTS_DIR; };
		FAD3E99E1753A91400618FFD /* UIKit.framework */ = {isa = PBXFileReference; lastKnownFileType = wrapper.framework; name = UIKit.framework; path = System/Library/Frameworks/UIKit.framework; sourceTree = SDKROOT; };
		FAD3E9A01753A91400618FFD /* Foundation.framework */ = {isa = PBXFileReference; lastKnownFileType = wrapper.framework; name = Foundation.framework; path = System/Library/Frameworks/Foundation.framework; sourceTree = SDKROOT; };
		FAD3E9A21753A91400618FFD /* CoreGraphics.framework */ = {isa = PBXFileReference; lastKnownFileType = wrapper.framework; name = CoreGraphics.framework; path = System/Library/Frameworks/CoreGraphics.framework; sourceTree = SDKROOT; };
		FAD3E9A61753A91400618FFD /* Lokator-Info.plist */ = {isa = PBXFileReference; lastKnownFileType = text.plist.xml; path = "Lokator-Info.plist"; sourceTree = "<group>"; };
		FAD3E9A81753A91400618FFD /* en */ = {isa = PBXFileReference; lastKnownFileType = text.plist.strings; name = en; path = en.lproj/InfoPlist.strings; sourceTree = "<group>"; };
		FAD3E9AA1753A91400618FFD /* main.m */ = {isa = PBXFileReference; lastKnownFileType = sourcecode.c.objc; path = main.m; sourceTree = "<group>"; };
		FAD3E9AC1753A91400618FFD /* Lokator-Prefix.pch */ = {isa = PBXFileReference; lastKnownFileType = sourcecode.c.h; path = "Lokator-Prefix.pch"; sourceTree = "<group>"; };
		FAD3E9AD1753A91400618FFD /* AppDelegate.h */ = {isa = PBXFileReference; lastKnownFileType = sourcecode.c.h; path = AppDelegate.h; sourceTree = "<group>"; };
		FAD3E9AE1753A91400618FFD /* AppDelegate.m */ = {isa = PBXFileReference; lastKnownFileType = sourcecode.c.objc; path = AppDelegate.m; sourceTree = "<group>"; };
		FAD3E9B01753A91400618FFD /* Default.png */ = {isa = PBXFileReference; lastKnownFileType = image.png; path = Default.png; sourceTree = "<group>"; };
		FAD3E9B21753A91400618FFD /* Default@2x.png */ = {isa = PBXFileReference; lastKnownFileType = image.png; path = "Default@2x.png"; sourceTree = "<group>"; };
		FAD3E9B41753A91400618FFD /* Default-568h@2x.png */ = {isa = PBXFileReference; lastKnownFileType = image.png; path = "Default-568h@2x.png"; sourceTree = "<group>"; };
		FAD3E9B71753A91500618FFD /* en */ = {isa = PBXFileReference; lastKnownFileType = file.storyboard; name = en; path = en.lproj/MainStoryboard.storyboard; sourceTree = "<group>"; };
		FAD3E9B91753A91500618FFD /* ListViewController.h */ = {isa = PBXFileReference; lastKnownFileType = sourcecode.c.h; path = ListViewController.h; sourceTree = "<group>"; };
		FAD3E9BA1753A91500618FFD /* ListViewController.m */ = {isa = PBXFileReference; lastKnownFileType = sourcecode.c.objc; path = ListViewController.m; sourceTree = "<group>"; };
		FAD3E9C11753A9CE00618FFD /* CoreLocation.framework */ = {isa = PBXFileReference; lastKnownFileType = wrapper.framework; name = CoreLocation.framework; path = System/Library/Frameworks/CoreLocation.framework; sourceTree = SDKROOT; };
		FAD3E9C31753AA2200618FFD /* QuartzCore.framework */ = {isa = PBXFileReference; lastKnownFileType = wrapper.framework; name = QuartzCore.framework; path = System/Library/Frameworks/QuartzCore.framework; sourceTree = SDKROOT; };
		FAD3E9C51753AB6A00618FFD /* UIColor+Hex.h */ = {isa = PBXFileReference; fileEncoding = 4; lastKnownFileType = sourcecode.c.h; name = "UIColor+Hex.h"; path = "Lokator/UIColor+Hex.h"; sourceTree = "<group>"; };
		FAD3E9C61753AB6A00618FFD /* UIColor+Hex.m */ = {isa = PBXFileReference; fileEncoding = 4; lastKnownFileType = sourcecode.c.objc; name = "UIColor+Hex.m"; path = "Lokator/UIColor+Hex.m"; sourceTree = "<group>"; };
/* End PBXFileReference section */

/* Begin PBXFrameworksBuildPhase section */
		FAD3E9981753A91400618FFD /* Frameworks */ = {
			isa = PBXFrameworksBuildPhase;
			buildActionMask = 2147483647;
			files = (
				FAB44F031758AF94003E2A04 /* MessageUI.framework in Frameworks */,
				FA381DAF1753B3F300BA9C9E /* MapKit.framework in Frameworks */,
				FAD3E9C41753AA2200618FFD /* QuartzCore.framework in Frameworks */,
				FAD3E9C21753A9CE00618FFD /* CoreLocation.framework in Frameworks */,
				FAD3E99F1753A91400618FFD /* UIKit.framework in Frameworks */,
				FAD3E9A11753A91400618FFD /* Foundation.framework in Frameworks */,
				FAD3E9A31753A91400618FFD /* CoreGraphics.framework in Frameworks */,
				FA011B501754B92100AA30FC /* GPX.framework in Frameworks */,
			);
			runOnlyForDeploymentPostprocessing = 0;
		};
/* End PBXFrameworksBuildPhase section */

/* Begin PBXGroup section */
		FA6194281753FA7700529E6F /* Controller */ = {
			isa = PBXGroup;
			children = (
				FA12F5B01753C44A000BB462 /* RoundedViewController.h */,
				FA12F5B11753C44A000BB462 /* RoundedViewController.m */,
				FA12F5AD1753C3DE000BB462 /* RecordViewController.h */,
				FA12F5AE1753C3DE000BB462 /* RecordViewController.m */,
				FAD3E9B91753A91500618FFD /* ListViewController.h */,
				FAD3E9BA1753A91500618FFD /* ListViewController.m */,
			);
			name = Controller;
			sourceTree = "<group>";
		};
		FA6194291753FA8D00529E6F /* View */ = {
			isa = PBXGroup;
			children = (
				FAD3E9B61753A91500618FFD /* MainStoryboard.storyboard */,
				FA6194251753F64000529E6F /* Animator.h */,
				FA6194261753F64100529E6F /* Animator.m */,
				FA381DB31753B54000BA9C9E /* MapCell.h */,
				FA381DB41753B54000BA9C9E /* MapCell.m */,
			);
			name = View;
			sourceTree = "<group>";
		};
		FAD3E9921753A91400618FFD = {
			isa = PBXGroup;
			children = (
				FAB44F021758AF94003E2A04 /* MessageUI.framework */,
				FAD3E9A41753A91400618FFD /* Lokator */,
				FAD3E99D1753A91400618FFD /* Frameworks */,
				FAD3E99C1753A91400618FFD /* Products */,
			);
			sourceTree = "<group>";
		};
		FAD3E99C1753A91400618FFD /* Products */ = {
			isa = PBXGroup;
			children = (
				FAD3E99B1753A91400618FFD /* Lokator.app */,
			);
			name = Products;
			sourceTree = "<group>";
		};
		FAD3E99D1753A91400618FFD /* Frameworks */ = {
			isa = PBXGroup;
			children = (
				FA61942A1753FC4E00529E6F /* UIView+MagicViews.h */,
				FA61942B1753FC4E00529E6F /* UIView+MagicViews.m */,
				FAD3E9C51753AB6A00618FFD /* UIColor+Hex.h */,
				FAD3E9C61753AB6A00618FFD /* UIColor+Hex.m */,
				FA011B4F1754B92100AA30FC /* GPX.framework */,
				FA381DAE1753B3F300BA9C9E /* MapKit.framework */,
				FAD3E9C31753AA2200618FFD /* QuartzCore.framework */,
				FAD3E9C11753A9CE00618FFD /* CoreLocation.framework */,
				FAD3E99E1753A91400618FFD /* UIKit.framework */,
				FAD3E9A01753A91400618FFD /* Foundation.framework */,
				FAD3E9A21753A91400618FFD /* CoreGraphics.framework */,
			);
			name = Frameworks;
			sourceTree = "<group>";
		};
		FAD3E9A41753A91400618FFD /* Lokator */ = {
			isa = PBXGroup;
			children = (
				FAD3E9AD1753A91400618FFD /* AppDelegate.h */,
				FAD3E9AE1753A91400618FFD /* AppDelegate.m */,
				FA189F9817540C9100B0D455 /* Library.h */,
				FA189F9917540C9100B0D455 /* Library.m */,
				FA6194281753FA7700529E6F /* Controller */,
				FA6194291753FA8D00529E6F /* View */,
				FAD3E9A51753A91400618FFD /* Supporting Files */,
			);
			path = Lokator;
			sourceTree = "<group>";
		};
		FAD3E9A51753A91400618FFD /* Supporting Files */ = {
			isa = PBXGroup;
			children = (
				FAB1BCCA17549D60005ED064 /* 18-envelope.png */,
				FAB1BCCB17549D60005ED064 /* 21-skull.png */,
				FAB1BCCC17549D60005ED064 /* 58-bookmark.png */,
				FA61942D1754075500529E6F /* markerAlt.png */,
				FA61941F1753E0C400529E6F /* Icon.png */,
				FAD3E9A61753A91400618FFD /* Lokator-Info.plist */,
				FAD3E9A71753A91400618FFD /* InfoPlist.strings */,
				FAD3E9AA1753A91400618FFD /* main.m */,
				FAD3E9AC1753A91400618FFD /* Lokator-Prefix.pch */,
				FAD3E9B01753A91400618FFD /* Default.png */,
				FAD3E9B21753A91400618FFD /* Default@2x.png */,
				FAD3E9B41753A91400618FFD /* Default-568h@2x.png */,
				FA381DB61753BA8600BA9C9E /* marker.png */,
				FA6194211753E47B00529E6F /* mapMarker.png */,
				FA381DB81753C16A00BA9C9E /* map.png */,
			);
			name = "Supporting Files";
			sourceTree = "<group>";
		};
/* End PBXGroup section */

/* Begin PBXNativeTarget section */
		FAD3E99A1753A91400618FFD /* Lokator */ = {
			isa = PBXNativeTarget;
			buildConfigurationList = FAD3E9BE1753A91500618FFD /* Build configuration list for PBXNativeTarget "Lokator" */;
			buildPhases = (
				FAD3E9971753A91400618FFD /* Sources */,
				FAD3E9981753A91400618FFD /* Frameworks */,
				FAD3E9991753A91400618FFD /* Resources */,
			);
			buildRules = (
			);
			dependencies = (
			);
			name = Lokator;
			productName = Lokator;
			productReference = FAD3E99B1753A91400618FFD /* Lokator.app */;
			productType = "com.apple.product-type.application";
		};
/* End PBXNativeTarget section */

/* Begin PBXProject section */
		FAD3E9931753A91400618FFD /* Project object */ = {
			isa = PBXProject;
			attributes = {
				LastUpgradeCheck = 0460;
				ORGANIZATIONNAME = "Paweł Ksieniewicz";
			};
			buildConfigurationList = FAD3E9961753A91400618FFD /* Build configuration list for PBXProject "Lokator" */;
			compatibilityVersion = "Xcode 3.2";
			developmentRegion = English;
			hasScannedForEncodings = 0;
			knownRegions = (
				en,
			);
			mainGroup = FAD3E9921753A91400618FFD;
			productRefGroup = FAD3E99C1753A91400618FFD /* Products */;
			projectDirPath = "";
			projectRoot = "";
			targets = (
				FAD3E99A1753A91400618FFD /* Lokator */,
			);
		};
/* End PBXProject section */

/* Begin PBXResourcesBuildPhase section */
		FAD3E9991753A91400618FFD /* Resources */ = {
			isa = PBXResourcesBuildPhase;
			buildActionMask = 2147483647;
			files = (
				FAD3E9A91753A91400618FFD /* InfoPlist.strings in Resources */,
				FAD3E9B11753A91400618FFD /* Default.png in Resources */,
				FAD3E9B31753A91400618FFD /* Default@2x.png in Resources */,
				FAD3E9B51753A91400618FFD /* Default-568h@2x.png in Resources */,
				FAD3E9B81753A91500618FFD /* MainStoryboard.storyboard in Resources */,
				FA381DB71753BA8600BA9C9E /* marker.png in Resources */,
				FA381DB91753C16A00BA9C9E /* map.png in Resources */,
				FA6194201753E0C400529E6F /* Icon.png in Resources */,
				FA6194221753E47C00529E6F /* mapMarker.png in Resources */,
				FA61942E1754075500529E6F /* markerAlt.png in Resources */,
				FAB1BCCD17549D60005ED064 /* 18-envelope.png in Resources */,
				FAB1BCCE17549D60005ED064 /* 21-skull.png in Resources */,
				FAB1BCCF17549D60005ED064 /* 58-bookmark.png in Resources */,
			);
			runOnlyForDeploymentPostprocessing = 0;
		};
/* End PBXResourcesBuildPhase section */

/* Begin PBXSourcesBuildPhase section */
		FAD3E9971753A91400618FFD /* Sources */ = {
			isa = PBXSourcesBuildPhase;
			buildActionMask = 2147483647;
			files = (
				FAD3E9AB1753A91400618FFD /* main.m in Sources */,
				FAD3E9AF1753A91400618FFD /* AppDelegate.m in Sources */,
				FAD3E9BB1753A91500618FFD /* ListViewController.m in Sources */,
				FAD3E9C71753AB6A00618FFD /* UIColor+Hex.m in Sources */,
				FA381DB51753B54000BA9C9E /* MapCell.m in Sources */,
				FA12F5AF1753C3DE000BB462 /* RecordViewController.m in Sources */,
				FA12F5B21753C44A000BB462 /* RoundedViewController.m in Sources */,
				FA6194271753F64100529E6F /* Animator.m in Sources */,
				FA61942C1753FC4E00529E6F /* UIView+MagicViews.m in Sources */,
				FA189F9A17540C9100B0D455 /* Library.m in Sources */,
			);
			runOnlyForDeploymentPostprocessing = 0;
		};
/* End PBXSourcesBuildPhase section */

/* Begin PBXVariantGroup section */
		FAD3E9A71753A91400618FFD /* InfoPlist.strings */ = {
			isa = PBXVariantGroup;
			children = (
				FAD3E9A81753A91400618FFD /* en */,
			);
			name = InfoPlist.strings;
			sourceTree = "<group>";
		};
		FAD3E9B61753A91500618FFD /* MainStoryboard.storyboard */ = {
			isa = PBXVariantGroup;
			children = (
				FAD3E9B71753A91500618FFD /* en */,
			);
			name = MainStoryboard.storyboard;
			sourceTree = "<group>";
		};
/* End PBXVariantGroup section */

/* Begin XCBuildConfiguration section */
		FAD3E9BC1753A91500618FFD /* Debug */ = {
			isa = XCBuildConfiguration;
			buildSettings = {
				ALWAYS_SEARCH_USER_PATHS = NO;
				CLANG_CXX_LANGUAGE_STANDARD = "gnu++0x";
				CLANG_CXX_LIBRARY = "libc++";
				CLANG_ENABLE_OBJC_ARC = YES;
				CLANG_WARN_CONSTANT_CONVERSION = YES;
				CLANG_WARN_EMPTY_BODY = YES;
				CLANG_WARN_ENUM_CONVERSION = YES;
				CLANG_WARN_INT_CONVERSION = YES;
				CLANG_WARN__DUPLICATE_METHOD_MATCH = YES;
				"CODE_SIGN_IDENTITY[sdk=iphoneos*]" = "iPhone Developer";
				COPY_PHASE_STRIP = NO;
				GCC_C_LANGUAGE_STANDARD = gnu99;
				GCC_DYNAMIC_NO_PIC = NO;
				GCC_OPTIMIZATION_LEVEL = 0;
				GCC_PREPROCESSOR_DEFINITIONS = (
					"DEBUG=1",
					"$(inherited)",
				);
				GCC_SYMBOLS_PRIVATE_EXTERN = NO;
				GCC_WARN_ABOUT_RETURN_TYPE = YES;
				GCC_WARN_UNINITIALIZED_AUTOS = YES;
				GCC_WARN_UNUSED_VARIABLE = YES;
				IPHONEOS_DEPLOYMENT_TARGET = 6.1;
				ONLY_ACTIVE_ARCH = YES;
				SDKROOT = iphoneos;
			};
			name = Debug;
		};
		FAD3E9BD1753A91500618FFD /* Release */ = {
			isa = XCBuildConfiguration;
			buildSettings = {
				ALWAYS_SEARCH_USER_PATHS = NO;
				CLANG_CXX_LANGUAGE_STANDARD = "gnu++0x";
				CLANG_CXX_LIBRARY = "libc++";
				CLANG_ENABLE_OBJC_ARC = YES;
				CLANG_WARN_CONSTANT_CONVERSION = YES;
				CLANG_WARN_EMPTY_BODY = YES;
				CLANG_WARN_ENUM_CONVERSION = YES;
				CLANG_WARN_INT_CONVERSION = YES;
				CLANG_WARN__DUPLICATE_METHOD_MATCH = YES;
				"CODE_SIGN_IDENTITY[sdk=iphoneos*]" = "iPhone Developer";
				COPY_PHASE_STRIP = YES;
				GCC_C_LANGUAGE_STANDARD = gnu99;
				GCC_WARN_ABOUT_RETURN_TYPE = YES;
				GCC_WARN_UNINITIALIZED_AUTOS = YES;
				GCC_WARN_UNUSED_VARIABLE = YES;
				IPHONEOS_DEPLOYMENT_TARGET = 6.1;
				OTHER_CFLAGS = "-DNS_BLOCK_ASSERTIONS=1";
				SDKROOT = iphoneos;
				VALIDATE_PRODUCT = YES;
			};
			name = Release;
		};
		FAD3E9BF1753A91500618FFD /* Debug */ = {
			isa = XCBuildConfiguration;
			buildSettings = {
				FRAMEWORK_SEARCH_PATHS = (
					"$(inherited)",
					"\"$(SRCROOT)\"",
				);
				GCC_PRECOMPILE_PREFIX_HEADER = YES;
				GCC_PREFIX_HEADER = "Lokator/Lokator-Prefix.pch";
				INFOPLIST_FILE = "Lokator/Lokator-Info.plist";
				PRODUCT_NAME = "$(TARGET_NAME)";
				WRAPPER_EXTENSION = app;
			};
			name = Debug;
		};
		FAD3E9C01753A91500618FFD /* Release */ = {
			isa = XCBuildConfiguration;
			buildSettings = {
				FRAMEWORK_SEARCH_PATHS = (
					"$(inherited)",
					"\"$(SRCROOT)\"",
				);
				GCC_PRECOMPILE_PREFIX_HEADER = YES;
				GCC_PREFIX_HEADER = "Lokator/Lokator-Prefix.pch";
				INFOPLIST_FILE = "Lokator/Lokator-Info.plist";
				PRODUCT_NAME = "$(TARGET_NAME)";
				WRAPPER_EXTENSION = app;
			};
			name = Release;
		};
/* End XCBuildConfiguration section */

/* Begin XCConfigurationList section */
		FAD3E9961753A91400618FFD /* Build configuration list for PBXProject "Lokator" */ = {
			isa = XCConfigurationList;
			buildConfigurations = (
				FAD3E9BC1753A91500618FFD /* Debug */,
				FAD3E9BD1753A91500618FFD /* Release */,
			);
			defaultConfigurationIsVisible = 0;
			defaultConfigurationName = Release;
		};
		FAD3E9BE1753A91500618FFD /* Build configuration list for PBXNativeTarget "Lokator" */ = {
			isa = XCConfigurationList;
			buildConfigurations = (
				FAD3E9BF1753A91500618FFD /* Debug */,
				FAD3E9C01753A91500618FFD /* Release */,
			);
			defaultConfigurationIsVisible = 0;
			defaultConfigurationName = Release;
		};
/* End XCConfigurationList section */
	};
	rootObject = FAD3E9931753A91400618FFD /* Project object */;
}
